
Microsoft Visual Studio Solution File, Format Version 12.00
# Visual Studio 15
Project("{FAE04EC0-301F-11D3-BF4B-00C04F79EFBC}") = "EDMKScannerProj.Android", "EDMKScannerProj.Android\EDMKScannerProj.Android.csproj", "{A59D827B-830E-4980-A128-6DC28A40D53F}"
EndProject
Project("{FAE04EC0-301F-11D3-BF4B-00C04F79EFBC}") = "EDMKScannerProj.iOS", "EDMKScannerProj.iOS\EDMKScannerProj.iOS.csproj", "{A252FE4F-24AD-461E-8CC5-3411A2308DFD}"
EndProject
Project("{FAE04EC0-301F-11D3-BF4B-00C04F79EFBC}") = "EDMKScannerProj", "EDMKScannerProj\EDMKScannerProj.csproj", "{3872A184-D861-45B8-AF34-6EE1D86F7A90}"
EndProject
Global
	GlobalSection(SolutionConfigurationPlatforms) = preSolution
		Debug|Any CPU = Debug|Any CPU
		Release|Any CPU = Release|Any CPU
		Debug|iPhoneSimulator = Debug|iPhoneSimulator
		Release|iPhoneSimulator = Release|iPhoneSimulator
		Debug|iPhone = Debug|iPhone
		Release|iPhone = Release|iPhone
		Ad-Hoc|iPhone = Ad-Hoc|iPhone
		AppStore|iPhone = AppStore|iPhone
	EndGlobalSection
	GlobalSection(ProjectConfigurationPlatforms) = postSolution
		{A59D827B-830E-4980-A128-6DC28A40D53F}.Debug|Any CPU.ActiveCfg = Debug|Any CPU
		{A59D827B-830E-4980-A128-6DC28A40D53F}.Debug|Any CPU.Build.0 = Debug|Any CPU
		{A59D827B-830E-4980-A128-6DC28A40D53F}.Release|Any CPU.ActiveCfg = Release|Any CPU
		{A59D827B-830E-4980-A128-6DC28A40D53F}.Release|Any CPU.Build.0 = Release|Any CPU
		{A59D827B-830E-4980-A128-6DC28A40D53F}.Debug|iPhoneSimulator.ActiveCfg = Debug|Any CPU
		{A59D827B-830E-4980-A128-6DC28A40D53F}.Debug|iPhoneSimulator.Build.0 = Debug|Any CPU
		{A59D827B-830E-4980-A128-6DC28A40D53F}.Release|iPhoneSimulator.ActiveCfg = Release|Any CPU
		{A59D827B-830E-4980-A128-6DC28A40D53F}.Release|iPhoneSimulator.Build.0 = Release|Any CPU
		{A59D827B-830E-4980-A128-6DC28A40D53F}.Debug|iPhone.ActiveCfg = Debug|Any CPU
		{A59D827B-830E-4980-A128-6DC28A40D53F}.Debug|iPhone.Build.0 = Debug|Any CPU
		{A59D827B-830E-4980-A128-6DC28A40D53F}.Release|iPhone.ActiveCfg = Release|Any CPU
		{A59D827B-830E-4980-A128-6DC28A40D53F}.Release|iPhone.Build.0 = Release|Any CPU
		{A59D827B-830E-4980-A128-6DC28A40D53F}.Ad-Hoc|iPhone.ActiveCfg = Debug|Any CPU
		{A59D827B-830E-4980-A128-6DC28A40D53F}.Ad-Hoc|iPhone.Build.0 = Debug|Any CPU
		{A59D827B-830E-4980-A128-6DC28A40D53F}.AppStore|iPhone.ActiveCfg = Debug|Any CPU
		{A59D827B-830E-4980-A128-6DC28A40D53F}.AppStore|iPhone.Build.0 = Debug|Any CPU
		{A252FE4F-24AD-461E-8CC5-3411A2308DFD}.Debug|Any CPU.ActiveCfg = Debug|iPhoneSimulator
		{A252FE4F-24AD-461E-8CC5-3411A2308DFD}.Debug|Any CPU.Build.0 = Debug|iPhoneSimulator
		{A252FE4F-24AD-461E-8CC5-3411A2308DFD}.Release|Any CPU.ActiveCfg = Release|iPhoneSimulator
		{A252FE4F-24AD-461E-8CC5-3411A2308DFD}.Release|Any CPU.Build.0 = Release|iPhoneSimulator
		{A252FE4F-24AD-461E-8CC5-3411A2308DFD}.Debug|iPhoneSimulator.ActiveCfg = Debug|iPhoneSimulator
		{A252FE4F-24AD-461E-8CC5-3411A2308DFD}.Debug|iPhoneSimulator.Build.0 = Debug|iPhoneSimulator
		{A252FE4F-24AD-461E-8CC5-3411A2308DFD}.Release|iPhoneSimulator.ActiveCfg = Release|iPhoneSimulator
		{A252FE4F-24AD-461E-8CC5-3411A2308DFD}.Release|iPhoneSimulator.Build.0 = Release|iPhoneSimulator
		{A252FE4F-24AD-461E-8CC5-3411A2308DFD}.Debug|iPhone.ActiveCfg = Debug|iPhone
		{A252FE4F-24AD-461E-8CC5-3411A2308DFD}.Debug|iPhone.Build.0 = Debug|iPhone
		{A252FE4F-24AD-461E-8CC5-3411A2308DFD}.Release|iPhone.ActiveCfg = Release|iPhone
		{A252FE4F-24AD-461E-8CC5-3411A2308DFD}.Release|iPhone.Build.0 = Release|iPhone
		{A252FE4F-24AD-461E-8CC5-3411A2308DFD}.Ad-Hoc|iPhone.ActiveCfg = Ad-Hoc|iPhone
		{A252FE4F-24AD-461E-8CC5-3411A2308DFD}.Ad-Hoc|iPhone.Build.0 = Ad-Hoc|iPhone
		{A252FE4F-24AD-461E-8CC5-3411A2308DFD}.AppStore|iPhone.ActiveCfg = AppStore|iPhone
		{A252FE4F-24AD-461E-8CC5-3411A2308DFD}.AppStore|iPhone.Build.0 = AppStore|iPhone
		{3872A184-D861-45B8-AF34-6EE1D86F7A90}.Debug|Any CPU.ActiveCfg = Debug|Any CPU
		{3872A184-D861-45B8-AF34-6EE1D86F7A90}.Debug|Any CPU.Build.0 = Debug|Any CPU
		{3872A184-D861-45B8-AF34-6EE1D86F7A90}.Release|Any CPU.ActiveCfg = Release|Any CPU
		{3872A184-D861-45B8-AF34-6EE1D86F7A90}.Release|Any CPU.Build.0 = Release|Any CPU
		{3872A184-D861-45B8-AF34-6EE1D86F7A90}.Debug|iPhoneSimulator.ActiveCfg = Debug|Any CPU
		{3872A184-D861-45B8-AF34-6EE1D86F7A90}.Debug|iPhoneSimulator.Build.0 = Debug|Any CPU
		{3872A184-D861-45B8-AF34-6EE1D86F7A90}.Release|iPhoneSimulator.ActiveCfg = Release|Any CPU
		{3872A184-D861-45B8-AF34-6EE1D86F7A90}.Release|iPhoneSimulator.Build.0 = Release|Any CPU
		{3872A184-D861-45B8-AF34-6EE1D86F7A90}.Debug|iPhone.ActiveCfg = Debug|Any CPU
		{3872A184-D861-45B8-AF34-6EE1D86F7A90}.Debug|iPhone.Build.0 = Debug|Any CPU
		{3872A184-D861-45B8-AF34-6EE1D86F7A90}.Release|iPhone.ActiveCfg = Release|Any CPU
		{3872A184-D861-45B8-AF34-6EE1D86F7A90}.Release|iPhone.Build.0 = Release|Any CPU
		{3872A184-D861-45B8-AF34-6EE1D86F7A90}.Ad-Hoc|iPhone.ActiveCfg = Debug|Any CPU
		{3872A184-D861-45B8-AF34-6EE1D86F7A90}.Ad-Hoc|iPhone.Build.0 = Debug|Any CPU
		{3872A184-D861-45B8-AF34-6EE1D86F7A90}.AppStore|iPhone.ActiveCfg = Debug|Any CPU
		{3872A184-D861-45B8-AF34-6EE1D86F7A90}.AppStore|iPhone.Build.0 = Debug|Any CPU
	EndGlobalSection
EndGlobal
